
Microsoft Visual Studio Solution File, Format Version 12.00
# Visual Studio Version 17
VisualStudioVersion = 17.10.35013.160
MinimumVisualStudioVersion = 10.0.40219.1
Project("{FAE04EC0-301F-11D3-BF4B-00C04F79EFBC}") = "LadgerAPI_2", "LadgerAPI_2\LadgerAPI_2.csproj", "{686B08FE-FF0B-4017-BFBE-EFA79CACD714}"
EndProject
Global
	GlobalSection(SolutionConfigurationPlatforms) = preSolution
		Debug|Any CPU = Debug|Any CPU
		Release|Any CPU = Release|Any CPU
	EndGlobalSection
	GlobalSection(ProjectConfigurationPlatforms) = postSolution
		{686B08FE-FF0B-4017-BFBE-EFA79CACD714}.Debug|Any CPU.ActiveCfg = Debug|Any CPU
		{686B08FE-FF0B-4017-BFBE-EFA79CACD714}.Debug|Any CPU.Build.0 = Debug|Any CPU
		{686B08FE-FF0B-4017-BFBE-EFA79CACD714}.Release|Any CPU.ActiveCfg = Release|Any CPU
		{686B08FE-FF0B-4017-BFBE-EFA79CACD714}.Release|Any CPU.Build.0 = Release|Any CPU
	EndGlobalSection
	GlobalSection(SolutionProperties) = preSolution
		HideSolutionNode = FALSE
	EndGlobalSection
	GlobalSection(ExtensibilityGlobals) = postSolution
		SolutionGuid = {455CEB0E-4F88-4D65-A1A3-90DB94F8A8FA}
	EndGlobalSection
EndGlobal
